
Microsoft Visual Studio Solution File, Format Version 12.00
# Visual Studio Version 16
VisualStudioVersion = 16.0.30330.147
MinimumVisualStudioVersion = 10.0.40219.1
Project("{9A19103F-16F7-4668-BE54-9A1E7A4F7556}") = "LibraryApp", "LibraryApp.csproj", "{5B35B6AC-4011-4442-A5CF-ABA09986E347}"
EndProject
Project("{FAE04EC0-301F-11D3-BF4B-00C04F79EFBC}") = "LibraryApp.DomainLayer", "..\LibraryApp.DomainLayer\LibraryApp.DomainLayer.csproj", "{1638A7E8-0B00-4716-A109-F93191E28248}"
EndProject
Project("{FAE04EC0-301F-11D3-BF4B-00C04F79EFBC}") = "LibraryApp.BusinessLayer", "..\LibraryApp.BusinessLayer\LibraryApp.BusinessLayer.csproj", "{F68023A9-FF2E-4649-8FF9-601E7740C94C}"
EndProject
Project("{FAE04EC0-301F-11D3-BF4B-00C04F79EFBC}") = "LibraryApp.PersistanceLayer", "..\LibraryApp.PersistanceLayer\LibraryApp.PersistanceLayer.csproj", "{4F23BD7E-F03E-4CD8-8F5B-2C6C519F5C9B}"
EndProject
Global
	GlobalSection(SolutionConfigurationPlatforms) = preSolution
		Debug|Any CPU = Debug|Any CPU
		Release|Any CPU = Release|Any CPU
	EndGlobalSection
	GlobalSection(ProjectConfigurationPlatforms) = postSolution
		{5B35B6AC-4011-4442-A5CF-ABA09986E347}.Debug|Any CPU.ActiveCfg = Debug|Any CPU
		{5B35B6AC-4011-4442-A5CF-ABA09986E347}.Debug|Any CPU.Build.0 = Debug|Any CPU
		{5B35B6AC-4011-4442-A5CF-ABA09986E347}.Release|Any CPU.ActiveCfg = Release|Any CPU
		{5B35B6AC-4011-4442-A5CF-ABA09986E347}.Release|Any CPU.Build.0 = Release|Any CPU
		{1638A7E8-0B00-4716-A109-F93191E28248}.Debug|Any CPU.ActiveCfg = Debug|Any CPU
		{1638A7E8-0B00-4716-A109-F93191E28248}.Debug|Any CPU.Build.0 = Debug|Any CPU
		{1638A7E8-0B00-4716-A109-F93191E28248}.Release|Any CPU.ActiveCfg = Release|Any CPU
		{1638A7E8-0B00-4716-A109-F93191E28248}.Release|Any CPU.Build.0 = Release|Any CPU
		{F68023A9-FF2E-4649-8FF9-601E7740C94C}.Debug|Any CPU.ActiveCfg = Debug|Any CPU
		{F68023A9-FF2E-4649-8FF9-601E7740C94C}.Debug|Any CPU.Build.0 = Debug|Any CPU
		{F68023A9-FF2E-4649-8FF9-601E7740C94C}.Release|Any CPU.ActiveCfg = Release|Any CPU
		{F68023A9-FF2E-4649-8FF9-601E7740C94C}.Release|Any CPU.Build.0 = Release|Any CPU
		{4F23BD7E-F03E-4CD8-8F5B-2C6C519F5C9B}.Debug|Any CPU.ActiveCfg = Debug|Any CPU
		{4F23BD7E-F03E-4CD8-8F5B-2C6C519F5C9B}.Debug|Any CPU.Build.0 = Debug|Any CPU
		{4F23BD7E-F03E-4CD8-8F5B-2C6C519F5C9B}.Release|Any CPU.ActiveCfg = Release|Any CPU
		{4F23BD7E-F03E-4CD8-8F5B-2C6C519F5C9B}.Release|Any CPU.Build.0 = Release|Any CPU
	EndGlobalSection
	GlobalSection(SolutionProperties) = preSolution
		HideSolutionNode = FALSE
	EndGlobalSection
	GlobalSection(ExtensibilityGlobals) = postSolution
		SolutionGuid = {CE82BB22-89C3-4B62-9C92-543486F73BDD}
	EndGlobalSection
EndGlobal
